
Microsoft Visual Studio Solution File, Format Version 12.00
# Visual Studio Version 17
VisualStudioVersion = 17.6.33723.286
MinimumVisualStudioVersion = 10.0.40219.1
Project("{FAE04EC0-301F-11D3-BF4B-00C04F79EFBC}") = "NetFlix", "NetFlix\NetFlix.csproj", "{EB7204D4-F09C-478E-B6C2-2208BF526A55}"
EndProject
Global
	GlobalSection(SolutionConfigurationPlatforms) = preSolution
		Debug|Any CPU = Debug|Any CPU
		Release|Any CPU = Release|Any CPU
	EndGlobalSection
	GlobalSection(ProjectConfigurationPlatforms) = postSolution
		{EB7204D4-F09C-478E-B6C2-2208BF526A55}.Debug|Any CPU.ActiveCfg = Debug|Any CPU
		{EB7204D4-F09C-478E-B6C2-2208BF526A55}.Debug|Any CPU.Build.0 = Debug|Any CPU
		{EB7204D4-F09C-478E-B6C2-2208BF526A55}.Release|Any CPU.ActiveCfg = Release|Any CPU
		{EB7204D4-F09C-478E-B6C2-2208BF526A55}.Release|Any CPU.Build.0 = Release|Any CPU
	EndGlobalSection
	GlobalSection(SolutionProperties) = preSolution
		HideSolutionNode = FALSE
	EndGlobalSection
	GlobalSection(ExtensibilityGlobals) = postSolution
		SolutionGuid = {82DFD5D8-710B-4ADE-8419-F3AD63786517}
	EndGlobalSection
EndGlobal
